<Solution>
  <Project Path="../packages/dotnet/Azimuth.Annotations/Azimuth.Annotations.csproj" />
  <Project Path="services/Pricing/Pricing.csproj" />
  <Project Path="services/Trip/Trip.csproj" />
  <Project Path="services/Trip.Tests/Trip.Tests.csproj" />
  <Project Path="services/Payments/Payments.csproj" />
  <Project Path="services/Payments.Tests/Payments.Tests.csproj" />
</Solution>
